
Microsoft Visual Studio Solution File, Format Version 12.00
# Visual Studio Version 17
VisualStudioVersion = 17.9.34728.123
MinimumVisualStudioVersion = 10.0.40219.1
Project("{FAE04EC0-301F-11D3-BF4B-00C04F79EFBC}") = "Specification", "CommonSpecificationPattern\Specification.csproj", "{03FEAAB3-FB81-4857-B106-0992B8913D8C}"
EndProject
Global
	GlobalSection(SolutionConfigurationPlatforms) = preSolution
		Debug|Any CPU = Debug|Any CPU
		Release|Any CPU = Release|Any CPU
	EndGlobalSection
	GlobalSection(ProjectConfigurationPlatforms) = postSolution
		{03FEAAB3-FB81-4857-B106-0992B8913D8C}.Debug|Any CPU.ActiveCfg = Debug|Any CPU
		{03FEAAB3-FB81-4857-B106-0992B8913D8C}.Debug|Any CPU.Build.0 = Debug|Any CPU
		{03FEAAB3-FB81-4857-B106-0992B8913D8C}.Release|Any CPU.ActiveCfg = Release|Any CPU
		{03FEAAB3-FB81-4857-B106-0992B8913D8C}.Release|Any CPU.Build.0 = Release|Any CPU
	EndGlobalSection
	GlobalSection(SolutionProperties) = preSolution
		HideSolutionNode = FALSE
	EndGlobalSection
	GlobalSection(ExtensibilityGlobals) = postSolution
		SolutionGuid = {8F8B4E76-71C3-48AC-833A-75A72F0B810A}
	EndGlobalSection
EndGlobal
